
Microsoft Visual Studio Solution File, Format Version 12.00
# Visual Studio Version 17
VisualStudioVersion = 17.3.32901.215
MinimumVisualStudioVersion = 10.0.40219.1
Project("{9A19103F-16F7-4668-BE54-9A1E7A4F7556}") = "Awaiting", "Awaiting\Awaiting.csproj", "{8FE63C34-E83A-4D88-97AC-8A1352216F45}"
EndProject
Global
	GlobalSection(SolutionConfigurationPlatforms) = preSolution
		Debug|Any CPU = Debug|Any CPU
		Release|Any CPU = Release|Any CPU
	EndGlobalSection
	GlobalSection(ProjectConfigurationPlatforms) = postSolution
		{8FE63C34-E83A-4D88-97AC-8A1352216F45}.Debug|Any CPU.ActiveCfg = Debug|Any CPU
		{8FE63C34-E83A-4D88-97AC-8A1352216F45}.Debug|Any CPU.Build.0 = Debug|Any CPU
		{8FE63C34-E83A-4D88-97AC-8A1352216F45}.Release|Any CPU.ActiveCfg = Release|Any CPU
		{8FE63C34-E83A-4D88-97AC-8A1352216F45}.Release|Any CPU.Build.0 = Release|Any CPU
	EndGlobalSection
	GlobalSection(SolutionProperties) = preSolution
		HideSolutionNode = FALSE
	EndGlobalSection
	GlobalSection(ExtensibilityGlobals) = postSolution
		SolutionGuid = {1207162B-9C91-4B1E-90DE-C21BB850AEE2}
	EndGlobalSection
EndGlobal
